
Microsoft Visual Studio Solution File, Format Version 12.00
# Visual Studio Version 17
VisualStudioVersion = 17.10.35013.160
MinimumVisualStudioVersion = 10.0.40219.1
Project("{FAE04EC0-301F-11D3-BF4B-00C04F79EFBC}") = "Laboratory Information System", "Laboratory Information System\Laboratory Information System.csproj", "{5FBD3911-B391-4457-9DAE-45B226A19E57}"
EndProject
Global
	GlobalSection(SolutionConfigurationPlatforms) = preSolution
		Debug|Any CPU = Debug|Any CPU
		Release|Any CPU = Release|Any CPU
	EndGlobalSection
	GlobalSection(ProjectConfigurationPlatforms) = postSolution
		{5FBD3911-B391-4457-9DAE-45B226A19E57}.Debug|Any CPU.ActiveCfg = Debug|Any CPU
		{5FBD3911-B391-4457-9DAE-45B226A19E57}.Debug|Any CPU.Build.0 = Debug|Any CPU
		{5FBD3911-B391-4457-9DAE-45B226A19E57}.Release|Any CPU.ActiveCfg = Release|Any CPU
		{5FBD3911-B391-4457-9DAE-45B226A19E57}.Release|Any CPU.Build.0 = Release|Any CPU
	EndGlobalSection
	GlobalSection(SolutionProperties) = preSolution
		HideSolutionNode = FALSE
	EndGlobalSection
	GlobalSection(ExtensibilityGlobals) = postSolution
		SolutionGuid = {7495B103-4424-417B-816B-016CB5EBEA54}
	EndGlobalSection
EndGlobal
